
Microsoft Visual Studio Solution File, Format Version 12.00
# Visual Studio Version 17
VisualStudioVersion = 17.8.34205.153
MinimumVisualStudioVersion = 10.0.40219.1
Project("{9A19103F-16F7-4668-BE54-9A1E7A4F7556}") = "MyApp", "MyApp\MyApp.csproj", "{BE57A405-8C57-4A63-8445-890EFDFA36A0}"
EndProject
Project("{9A19103F-16F7-4668-BE54-9A1E7A4F7556}") = "MyApp.ServiceModel", "MyApp.ServiceModel\MyApp.ServiceModel.csproj", "{5BB51282-00F7-4DD0-8C78-4BFA39751109}"
EndProject
Project("{9A19103F-16F7-4668-BE54-9A1E7A4F7556}") = "MyApp.ServiceInterface", "MyApp.ServiceInterface\MyApp.ServiceInterface.csproj", "{73AEC747-0622-4760-8D53-D61A42B74B87}"
EndProject
Project("{9A19103F-16F7-4668-BE54-9A1E7A4F7556}") = "MyApp.Tests", "MyApp.Tests\MyApp.Tests.csproj", "{809BBACF-CA46-482D-8206-AC05F293AE55}"
EndProject
Global
	GlobalSection(SolutionConfigurationPlatforms) = preSolution
		Debug|Any CPU = Debug|Any CPU
		Release|Any CPU = Release|Any CPU
	EndGlobalSection
	GlobalSection(ProjectConfigurationPlatforms) = postSolution
		{BE57A405-8C57-4A63-8445-890EFDFA36A0}.Debug|Any CPU.ActiveCfg = Debug|Any CPU
		{BE57A405-8C57-4A63-8445-890EFDFA36A0}.Debug|Any CPU.Build.0 = Debug|Any CPU
		{BE57A405-8C57-4A63-8445-890EFDFA36A0}.Release|Any CPU.ActiveCfg = Release|Any CPU
		{BE57A405-8C57-4A63-8445-890EFDFA36A0}.Release|Any CPU.Build.0 = Release|Any CPU
		{5BB51282-00F7-4DD0-8C78-4BFA39751109}.Debug|Any CPU.ActiveCfg = Debug|Any CPU
		{5BB51282-00F7-4DD0-8C78-4BFA39751109}.Debug|Any CPU.Build.0 = Debug|Any CPU
		{5BB51282-00F7-4DD0-8C78-4BFA39751109}.Release|Any CPU.ActiveCfg = Release|Any CPU
		{5BB51282-00F7-4DD0-8C78-4BFA39751109}.Release|Any CPU.Build.0 = Release|Any CPU
		{73AEC747-0622-4760-8D53-D61A42B74B87}.Debug|Any CPU.ActiveCfg = Debug|Any CPU
		{73AEC747-0622-4760-8D53-D61A42B74B87}.Debug|Any CPU.Build.0 = Debug|Any CPU
		{73AEC747-0622-4760-8D53-D61A42B74B87}.Release|Any CPU.ActiveCfg = Release|Any CPU
		{73AEC747-0622-4760-8D53-D61A42B74B87}.Release|Any CPU.Build.0 = Release|Any CPU
		{809BBACF-CA46-482D-8206-AC05F293AE55}.Debug|Any CPU.ActiveCfg = Debug|Any CPU
		{809BBACF-CA46-482D-8206-AC05F293AE55}.Debug|Any CPU.Build.0 = Debug|Any CPU
		{809BBACF-CA46-482D-8206-AC05F293AE55}.Release|Any CPU.ActiveCfg = Release|Any CPU
		{809BBACF-CA46-482D-8206-AC05F293AE55}.Release|Any CPU.Build.0 = Release|Any CPU
	EndGlobalSection
	GlobalSection(SolutionProperties) = preSolution
		HideSolutionNode = FALSE
	EndGlobalSection
	GlobalSection(ExtensibilityGlobals) = postSolution
		SolutionGuid = {EFF66C5D-93D3-497A-BFD4-AFBAD9695AB2}
	EndGlobalSection
EndGlobal
